
Microsoft Visual Studio Solution File, Format Version 12.00
# Visual Studio Version 16
VisualStudioVersion = 16.0.30114.105
MinimumVisualStudioVersion = 10.0.40219.1
Project("{2150E333-8FDC-42A3-9474-1A3956D46DE8}") = "src", "src", "{DE79DBEE-79C7-463F-A407-5DBC8D3409B3}"
EndProject
Project("{FAE04EC0-301F-11D3-BF4B-00C04F79EFBC}") = "API", "src\API\API.csproj", "{B3EB63CF-2D26-41AD-9470-7FC404C435E6}"
EndProject
Project("{FAE04EC0-301F-11D3-BF4B-00C04F79EFBC}") = "Tests", "src\Tests\Tests.csproj", "{9890A425-4E41-42F9-8E13-E9B01BA07998}"
EndProject
Project("{FAE04EC0-301F-11D3-BF4B-00C04F79EFBC}") = "Application", "src\Application\Application.csproj", "{D5BBF942-29AC-4EC7-9DC8-1FC261285E2B}"
EndProject
Project("{FAE04EC0-301F-11D3-BF4B-00C04F79EFBC}") = "Domain", "src\Domain\Domain.csproj", "{6BA317B6-9823-48BF-9903-95DB42C6FCBD}"
EndProject
Project("{FAE04EC0-301F-11D3-BF4B-00C04F79EFBC}") = "Infrastructure", "src\Infrastructure\Infrastructure.csproj", "{03834A47-85A4-4A47-A363-89782F2B7BEB}"
EndProject
Global
	GlobalSection(SolutionConfigurationPlatforms) = preSolution
		Debug|Any CPU = Debug|Any CPU
		Release|Any CPU = Release|Any CPU
	EndGlobalSection
	GlobalSection(SolutionProperties) = preSolution
		HideSolutionNode = FALSE
	EndGlobalSection
	GlobalSection(ProjectConfigurationPlatforms) = postSolution
		{B3EB63CF-2D26-41AD-9470-7FC404C435E6}.Debug|Any CPU.ActiveCfg = Debug|Any CPU
		{B3EB63CF-2D26-41AD-9470-7FC404C435E6}.Debug|Any CPU.Build.0 = Debug|Any CPU
		{B3EB63CF-2D26-41AD-9470-7FC404C435E6}.Release|Any CPU.ActiveCfg = Release|Any CPU
		{B3EB63CF-2D26-41AD-9470-7FC404C435E6}.Release|Any CPU.Build.0 = Release|Any CPU
		{9890A425-4E41-42F9-8E13-E9B01BA07998}.Debug|Any CPU.ActiveCfg = Debug|Any CPU
		{9890A425-4E41-42F9-8E13-E9B01BA07998}.Debug|Any CPU.Build.0 = Debug|Any CPU
		{9890A425-4E41-42F9-8E13-E9B01BA07998}.Release|Any CPU.ActiveCfg = Release|Any CPU
		{9890A425-4E41-42F9-8E13-E9B01BA07998}.Release|Any CPU.Build.0 = Release|Any CPU
		{D5BBF942-29AC-4EC7-9DC8-1FC261285E2B}.Debug|Any CPU.ActiveCfg = Debug|Any CPU
		{D5BBF942-29AC-4EC7-9DC8-1FC261285E2B}.Debug|Any CPU.Build.0 = Debug|Any CPU
		{D5BBF942-29AC-4EC7-9DC8-1FC261285E2B}.Release|Any CPU.ActiveCfg = Release|Any CPU
		{D5BBF942-29AC-4EC7-9DC8-1FC261285E2B}.Release|Any CPU.Build.0 = Release|Any CPU
		{6BA317B6-9823-48BF-9903-95DB42C6FCBD}.Debug|Any CPU.ActiveCfg = Debug|Any CPU
		{6BA317B6-9823-48BF-9903-95DB42C6FCBD}.Debug|Any CPU.Build.0 = Debug|Any CPU
		{6BA317B6-9823-48BF-9903-95DB42C6FCBD}.Release|Any CPU.ActiveCfg = Release|Any CPU
		{6BA317B6-9823-48BF-9903-95DB42C6FCBD}.Release|Any CPU.Build.0 = Release|Any CPU
		{03834A47-85A4-4A47-A363-89782F2B7BEB}.Debug|Any CPU.ActiveCfg = Debug|Any CPU
		{03834A47-85A4-4A47-A363-89782F2B7BEB}.Debug|Any CPU.Build.0 = Debug|Any CPU
		{03834A47-85A4-4A47-A363-89782F2B7BEB}.Release|Any CPU.ActiveCfg = Release|Any CPU
		{03834A47-85A4-4A47-A363-89782F2B7BEB}.Release|Any CPU.Build.0 = Release|Any CPU
	EndGlobalSection
	GlobalSection(NestedProjects) = preSolution
		{B3EB63CF-2D26-41AD-9470-7FC404C435E6} = {DE79DBEE-79C7-463F-A407-5DBC8D3409B3}
		{9890A425-4E41-42F9-8E13-E9B01BA07998} = {DE79DBEE-79C7-463F-A407-5DBC8D3409B3}
		{D5BBF942-29AC-4EC7-9DC8-1FC261285E2B} = {DE79DBEE-79C7-463F-A407-5DBC8D3409B3}
		{6BA317B6-9823-48BF-9903-95DB42C6FCBD} = {DE79DBEE-79C7-463F-A407-5DBC8D3409B3}
		{03834A47-85A4-4A47-A363-89782F2B7BEB} = {DE79DBEE-79C7-463F-A407-5DBC8D3409B3}
	EndGlobalSection
EndGlobal
